
Microsoft Visual Studio Solution File, Format Version 12.00
# Visual Studio Version 16
VisualStudioVersion = 16.0.30204.135
MinimumVisualStudioVersion = 10.0.40219.1
Project("{FAE04EC0-301F-11D3-BF4B-00C04F79EFBC}") = "PHU_Patient_Informations", "PHU_Patient_Informations.csproj", "{F299D174-D774-439A-90AF-61DE0357513F}"
EndProject
Project("{FAE04EC0-301F-11D3-BF4B-00C04F79EFBC}") = "PHU_Patient_Informations.Test", "..\PHU_Patient_Informations.Test\PHU_Patient_Informations.Test.csproj", "{B32546A8-7656-4E5E-868F-EF50C2F37CD1}"
EndProject
Global
	GlobalSection(SolutionConfigurationPlatforms) = preSolution
		Debug|Any CPU = Debug|Any CPU
		Release|Any CPU = Release|Any CPU
	EndGlobalSection
	GlobalSection(ProjectConfigurationPlatforms) = postSolution
		{F299D174-D774-439A-90AF-61DE0357513F}.Debug|Any CPU.ActiveCfg = Debug|Any CPU
		{F299D174-D774-439A-90AF-61DE0357513F}.Debug|Any CPU.Build.0 = Debug|Any CPU
		{F299D174-D774-439A-90AF-61DE0357513F}.Release|Any CPU.ActiveCfg = Release|Any CPU
		{F299D174-D774-439A-90AF-61DE0357513F}.Release|Any CPU.Build.0 = Release|Any CPU
		{B32546A8-7656-4E5E-868F-EF50C2F37CD1}.Debug|Any CPU.ActiveCfg = Debug|Any CPU
		{B32546A8-7656-4E5E-868F-EF50C2F37CD1}.Debug|Any CPU.Build.0 = Debug|Any CPU
		{B32546A8-7656-4E5E-868F-EF50C2F37CD1}.Release|Any CPU.ActiveCfg = Release|Any CPU
		{B32546A8-7656-4E5E-868F-EF50C2F37CD1}.Release|Any CPU.Build.0 = Release|Any CPU
	EndGlobalSection
	GlobalSection(SolutionProperties) = preSolution
		HideSolutionNode = FALSE
	EndGlobalSection
	GlobalSection(ExtensibilityGlobals) = postSolution
		SolutionGuid = {2869C1C3-E85F-4B16-91C8-587755705F60}
	EndGlobalSection
EndGlobal
